
Microsoft Visual Studio Solution File, Format Version 12.00
# Visual Studio Version 17
VisualStudioVersion = 17.0.32002.185
MinimumVisualStudioVersion = 10.0.40219.1
Project("{FAE04EC0-301F-11D3-BF4B-00C04F79EFBC}") = "T-Rex Game Runner", "T-Rex Game Runner.csproj", "{9A7DBB57-C704-4F44-8DD9-92EDAD9CEBE3}"
EndProject
Global
	GlobalSection(SolutionConfigurationPlatforms) = preSolution
		Debug|Any CPU = Debug|Any CPU
		Release|Any CPU = Release|Any CPU
	EndGlobalSection
	GlobalSection(ProjectConfigurationPlatforms) = postSolution
		{9A7DBB57-C704-4F44-8DD9-92EDAD9CEBE3}.Debug|Any CPU.ActiveCfg = Debug|Any CPU
		{9A7DBB57-C704-4F44-8DD9-92EDAD9CEBE3}.Debug|Any CPU.Build.0 = Debug|Any CPU
		{9A7DBB57-C704-4F44-8DD9-92EDAD9CEBE3}.Release|Any CPU.ActiveCfg = Release|Any CPU
		{9A7DBB57-C704-4F44-8DD9-92EDAD9CEBE3}.Release|Any CPU.Build.0 = Release|Any CPU
	EndGlobalSection
	GlobalSection(SolutionProperties) = preSolution
		HideSolutionNode = FALSE
	EndGlobalSection
	GlobalSection(ExtensibilityGlobals) = postSolution
		SolutionGuid = {5ACD61D0-2D1D-4AE1-92D6-567A99071F4D}
	EndGlobalSection
EndGlobal
